
Microsoft Visual Studio Solution File, Format Version 12.00
# Visual Studio Version 17
VisualStudioVersion = 17.2.32422.2
MinimumVisualStudioVersion = 10.0.40219.1
Project("{9A19103F-16F7-4668-BE54-9A1E7A4F7556}") = "Fibonacci", "Fibonacci\Fibonacci.csproj", "{7F9BFBBB-FBB3-48A6-8644-08A8C8C58331}"
EndProject
Project("{9A19103F-16F7-4668-BE54-9A1E7A4F7556}") = "FibonacciAOT", "FibonacciAOT\FibonacciAOT.csproj", "{2714A23D-6A9F-4F6C-86C0-A4ABF0700CDB}"
EndProject
Project("{9A19103F-16F7-4668-BE54-9A1E7A4F7556}") = "FibTimer", "FibTimer\FibTimer\FibTimer.csproj", "{6438DE43-BAA4-4ED1-97B2-17AF1AD126CE}"
EndProject
Global
	GlobalSection(SolutionConfigurationPlatforms) = preSolution
		Debug|Any CPU = Debug|Any CPU
		Release|Any CPU = Release|Any CPU
	EndGlobalSection
	GlobalSection(ProjectConfigurationPlatforms) = postSolution
		{7F9BFBBB-FBB3-48A6-8644-08A8C8C58331}.Debug|Any CPU.ActiveCfg = Debug|Any CPU
		{7F9BFBBB-FBB3-48A6-8644-08A8C8C58331}.Debug|Any CPU.Build.0 = Debug|Any CPU
		{7F9BFBBB-FBB3-48A6-8644-08A8C8C58331}.Release|Any CPU.ActiveCfg = Release|Any CPU
		{7F9BFBBB-FBB3-48A6-8644-08A8C8C58331}.Release|Any CPU.Build.0 = Release|Any CPU
		{2714A23D-6A9F-4F6C-86C0-A4ABF0700CDB}.Debug|Any CPU.ActiveCfg = Debug|Any CPU
		{2714A23D-6A9F-4F6C-86C0-A4ABF0700CDB}.Debug|Any CPU.Build.0 = Debug|Any CPU
		{2714A23D-6A9F-4F6C-86C0-A4ABF0700CDB}.Release|Any CPU.ActiveCfg = Release|Any CPU
		{2714A23D-6A9F-4F6C-86C0-A4ABF0700CDB}.Release|Any CPU.Build.0 = Release|Any CPU
		{6438DE43-BAA4-4ED1-97B2-17AF1AD126CE}.Debug|Any CPU.ActiveCfg = Debug|Any CPU
		{6438DE43-BAA4-4ED1-97B2-17AF1AD126CE}.Debug|Any CPU.Build.0 = Debug|Any CPU
		{6438DE43-BAA4-4ED1-97B2-17AF1AD126CE}.Release|Any CPU.ActiveCfg = Release|Any CPU
		{6438DE43-BAA4-4ED1-97B2-17AF1AD126CE}.Release|Any CPU.Build.0 = Release|Any CPU
	EndGlobalSection
	GlobalSection(SolutionProperties) = preSolution
		HideSolutionNode = FALSE
	EndGlobalSection
	GlobalSection(ExtensibilityGlobals) = postSolution
		SolutionGuid = {C1066DB0-9D56-4DF8-94AD-6F630B9E1F9F}
	EndGlobalSection
EndGlobal
