
Microsoft Visual Studio Solution File, Format Version 12.00
# Visual Studio Version 17
VisualStudioVersion = 17.2.32422.2
MinimumVisualStudioVersion = 10.0.40219.1
Project("{FAE04EC0-301F-11D3-BF4B-00C04F79EFBC}") = "FibTimer", "FibTimer\FibTimer.csproj", "{5A1CBD0D-B15C-494D-AEC7-24B0D110ED59}"
EndProject
Global
	GlobalSection(SolutionConfigurationPlatforms) = preSolution
		Debug|Any CPU = Debug|Any CPU
		Release|Any CPU = Release|Any CPU
	EndGlobalSection
	GlobalSection(ProjectConfigurationPlatforms) = postSolution
		{5A1CBD0D-B15C-494D-AEC7-24B0D110ED59}.Debug|Any CPU.ActiveCfg = Debug|Any CPU
		{5A1CBD0D-B15C-494D-AEC7-24B0D110ED59}.Debug|Any CPU.Build.0 = Debug|Any CPU
		{5A1CBD0D-B15C-494D-AEC7-24B0D110ED59}.Release|Any CPU.ActiveCfg = Release|Any CPU
		{5A1CBD0D-B15C-494D-AEC7-24B0D110ED59}.Release|Any CPU.Build.0 = Release|Any CPU
	EndGlobalSection
	GlobalSection(SolutionProperties) = preSolution
		HideSolutionNode = FALSE
	EndGlobalSection
	GlobalSection(ExtensibilityGlobals) = postSolution
		SolutionGuid = {B88209BA-74E0-44CE-8327-9F76266E7E45}
	EndGlobalSection
EndGlobal
